
Microsoft Visual Studio Solution File, Format Version 12.00
# Visual Studio 15
VisualStudioVersion = 15.0.27703.2035
MinimumVisualStudioVersion = 10.0.40219.1
Project("{FAE04EC0-301F-11D3-BF4B-00C04F79EFBC}") = "AgentServer", "AgentServer\AgentServer.csproj", "{B7D7B779-458B-465F-B7AC-2803DB72FABF}"
EndProject
Project("{FAE04EC0-301F-11D3-BF4B-00C04F79EFBC}") = "LocalCommons", "LocalCommons\LocalCommons.csproj", "{82397832-E395-4F8C-A6F0-91ACF413DF90}"
EndProject
Global
	GlobalSection(SolutionConfigurationPlatforms) = preSolution
		Debug|Any CPU = Debug|Any CPU
		Release|Any CPU = Release|Any CPU
	EndGlobalSection
	GlobalSection(ProjectConfigurationPlatforms) = postSolution
		{B7D7B779-458B-465F-B7AC-2803DB72FABF}.Debug|Any CPU.ActiveCfg = Debug|Any CPU
		{B7D7B779-458B-465F-B7AC-2803DB72FABF}.Debug|Any CPU.Build.0 = Debug|Any CPU
		{B7D7B779-458B-465F-B7AC-2803DB72FABF}.Release|Any CPU.ActiveCfg = Release|Any CPU
		{B7D7B779-458B-465F-B7AC-2803DB72FABF}.Release|Any CPU.Build.0 = Release|Any CPU
		{82397832-E395-4F8C-A6F0-91ACF413DF90}.Debug|Any CPU.ActiveCfg = Debug|Any CPU
		{82397832-E395-4F8C-A6F0-91ACF413DF90}.Debug|Any CPU.Build.0 = Debug|Any CPU
		{82397832-E395-4F8C-A6F0-91ACF413DF90}.Release|Any CPU.ActiveCfg = Release|Any CPU
		{82397832-E395-4F8C-A6F0-91ACF413DF90}.Release|Any CPU.Build.0 = Release|Any CPU
	EndGlobalSection
	GlobalSection(SolutionProperties) = preSolution
		HideSolutionNode = FALSE
	EndGlobalSection
	GlobalSection(ExtensibilityGlobals) = postSolution
		SolutionGuid = {849EB3B7-147E-44C4-A6E8-4BD4AAD3BD92}
	EndGlobalSection
EndGlobal
